PODS:
  - WechatOpenSDK (2.0.4)
  - WeChatPaySDK (2.0.0):
    - WechatOpenSDK

DEPENDENCIES:
  - WechatOpenSDK
  - WeChatPaySDK (from `../`)

SPEC REPOS:
  trunk:
    - WechatOpenSDK

EXTERNAL SOURCES:
  WeChatPaySDK:
    :path: "../"

SPEC CHECKSUMS:
  WechatOpenSDK: 290989072e87b79d52225a01bb4e5e58f6f88593
  WeChatPaySDK: 4e9fb26d045b30cb9544a157d0985e21ea2e030f

PODFILE CHECKSUM: 68afaa24615584e750a480f13bbd5fee5784fc6b

COCOAPODS: 1.13.0
